github.com/caarlos0/env/v6 v6.9.1 h1:zOkkjM0F6ltnQ5eBX6IPI41UP/KDGEK7rRPwGCNos8k=
github.com/caarlos0/env/v6 v6.9.1/go.mod h1:hvp/ryKXKipEkcuYjs9mI4bBCg+UI0Yhgm5Zu0ddvwc=
github.com/joho/godotenv v1.4.0 h1:3l4+N6zfMWnkbPEXKng2o2/MR5mSwTrBih4ZEkkz1lg=
github.com/joho/godotenv v1.4.0/go.mod h1:f4LDr5Voq0i2e/R5DDNOoa2zzDfwtkZa6DnEwAbqwq4=
